
Microsoft Visual Studio Solution File, Format Version 12.00
# Visual Studio 14
VisualStudioVersion = 14.0.25123.0
MinimumVisualStudioVersion = 10.0.40219.1
Project("{FAE04EC0-301F-11D3-BF4B-00C04F79EFBC}") = "AcademicsServicesDIPP", "AcademicsServicesDIPP\AcademicsServicesDIPP.csproj", "{D12827DA-5C36-438D-8BD7-EB634FD99393}"
EndProject
Project("{E24C65DC-7377-472B-9ABA-BC803B73C61A}") = "AcademicServicesHostIIS", "http://localhost/AcademicServicesHostIIS", "{A7DE12EB-1A7D-4151-A0CF-462CEC2295AA}"
	ProjectSection(WebsiteProperties) = preProject
		TargetFrameworkMoniker = ".NETFramework,Version%3Dv4.0"
		ProjectReferences = "{D12827DA-5C36-438D-8BD7-EB634FD99393}|AcademicsServicesDIPP.dll;"
		Debug.AspNetCompiler.VirtualPath = "/AcademicServicesHostIIS"
		Debug.AspNetCompiler.PhysicalPath = "C:\Test\AcademicServicesHostIIS\"
		Debug.AspNetCompiler.TargetPath = "PrecompiledWeb\AcademicServicesHostIIS\"
		Debug.AspNetCompiler.Updateable = "true"
		Debug.AspNetCompiler.ForceOverwrite = "true"
		Debug.AspNetCompiler.FixedNames = "false"
		Debug.AspNetCompiler.Debug = "True"
		Release.AspNetCompiler.VirtualPath = "/AcademicServicesHostIIS"
		Release.AspNetCompiler.PhysicalPath = "C:\Test\AcademicServicesHostIIS\"
		Release.AspNetCompiler.TargetPath = "PrecompiledWeb\AcademicServicesHostIIS\"
		Release.AspNetCompiler.Updateable = "true"
		Release.AspNetCompiler.ForceOverwrite = "true"
		Release.AspNetCompiler.FixedNames = "false"
		Release.AspNetCompiler.Debug = "False"
		SlnRelativePath = "..\..\..\..\..\..\Test\AcademicServicesHostIIS\"
		DefaultWebSiteLanguage = "Visual C#"
	EndProjectSection
	ProjectSection(WebsiteProperties) = preProject
		TargetFrameworkMoniker = ".NETFramework,Version%3Dv4.0"
		ProjectReferences = "{D12827DA-5C36-438D-8BD7-EB634FD99393}|AcademicsServicesDIPP.dll;"
		Debug.AspNetCompiler.VirtualPath = "/AcademicServicesHostIIS"
		Debug.AspNetCompiler.PhysicalPath = "C:\Test\AcademicServicesHostIIS\"
		Debug.AspNetCompiler.TargetPath = "PrecompiledWeb\AcademicServicesHostIIS\"
		Debug.AspNetCompiler.Updateable = "true"
		Debug.AspNetCompiler.ForceOverwrite = "true"
		Debug.AspNetCompiler.FixedNames = "false"
		Debug.AspNetCompiler.Debug = "True"
		Release.AspNetCompiler.VirtualPath = "/AcademicServicesHostIIS"
		Release.AspNetCompiler.PhysicalPath = "C:\Test\AcademicServicesHostIIS\"
		Release.AspNetCompiler.TargetPath = "PrecompiledWeb\AcademicServicesHostIIS\"
		Release.AspNetCompiler.Updateable = "true"
		Release.AspNetCompiler.ForceOverwrite = "true"
		Release.AspNetCompiler.FixedNames = "false"
		Release.AspNetCompiler.Debug = "False"
		SlnRelativePath = "..\..\..\..\..\..\Test\AcademicServicesHostIIS\"
		DefaultWebSiteLanguage = "Visual C#"
	EndProjectSection
EndProject
Project("{FAE04EC0-301F-11D3-BF4B-00C04F79EFBC}") = "QualificationsWebSystem", "QualificationsWebSystem\QualificationsWebSystem.csproj", "{C0535B56-2497-4CF3-9FDF-08ABEE79832D}"
	ProjectSection(ProjectDependencies) = postProject
		{A7DE12EB-1A7D-4151-A0CF-462CEC2295AA} = {A7DE12EB-1A7D-4151-A0CF-462CEC2295AA}
	EndProjectSection
EndProject
Global
	GlobalSection(SolutionConfigurationPlatforms) = preSolution
		Debug|Any CPU = Debug|Any CPU
		Debug|Mixed Platforms = Debug|Mixed Platforms
		Debug|x86 = Debug|x86
		Release|Any CPU = Release|Any CPU
		Release|Mixed Platforms = Release|Mixed Platforms
		Release|x86 = Release|x86
	EndGlobalSection
	GlobalSection(ProjectConfigurationPlatforms) = postSolution
		{D12827DA-5C36-438D-8BD7-EB634FD99393}.Debug|Any CPU.ActiveCfg = Debug|Any CPU
		{D12827DA-5C36-438D-8BD7-EB634FD99393}.Debug|Any CPU.Build.0 = Debug|Any CPU
		{D12827DA-5C36-438D-8BD7-EB634FD99393}.Debug|Mixed Platforms.ActiveCfg = Debug|Any CPU
		{D12827DA-5C36-438D-8BD7-EB634FD99393}.Debug|Mixed Platforms.Build.0 = Debug|Any CPU
		{D12827DA-5C36-438D-8BD7-EB634FD99393}.Debug|x86.ActiveCfg = Debug|Any CPU
		{D12827DA-5C36-438D-8BD7-EB634FD99393}.Release|Any CPU.ActiveCfg = Release|Any CPU
		{D12827DA-5C36-438D-8BD7-EB634FD99393}.Release|Any CPU.Build.0 = Release|Any CPU
		{D12827DA-5C36-438D-8BD7-EB634FD99393}.Release|Mixed Platforms.ActiveCfg = Release|Any CPU
		{D12827DA-5C36-438D-8BD7-EB634FD99393}.Release|Mixed Platforms.Build.0 = Release|Any CPU
		{D12827DA-5C36-438D-8BD7-EB634FD99393}.Release|x86.ActiveCfg = Release|Any CPU
		{A7DE12EB-1A7D-4151-A0CF-462CEC2295AA}.Debug|Any CPU.ActiveCfg = Debug|Any CPU
		{A7DE12EB-1A7D-4151-A0CF-462CEC2295AA}.Debug|Any CPU.Build.0 = Debug|Any CPU
		{A7DE12EB-1A7D-4151-A0CF-462CEC2295AA}.Debug|Mixed Platforms.ActiveCfg = Debug|Any CPU
		{A7DE12EB-1A7D-4151-A0CF-462CEC2295AA}.Debug|Mixed Platforms.Build.0 = Debug|Any CPU
		{A7DE12EB-1A7D-4151-A0CF-462CEC2295AA}.Debug|x86.ActiveCfg = Debug|Any CPU
		{A7DE12EB-1A7D-4151-A0CF-462CEC2295AA}.Release|Any CPU.ActiveCfg = Debug|Any CPU
		{A7DE12EB-1A7D-4151-A0CF-462CEC2295AA}.Release|Any CPU.Build.0 = Debug|Any CPU
		{A7DE12EB-1A7D-4151-A0CF-462CEC2295AA}.Release|Mixed Platforms.ActiveCfg = Debug|Any CPU
		{A7DE12EB-1A7D-4151-A0CF-462CEC2295AA}.Release|Mixed Platforms.Build.0 = Debug|Any CPU
		{A7DE12EB-1A7D-4151-A0CF-462CEC2295AA}.Release|x86.ActiveCfg = Debug|Any CPU
		{C0535B56-2497-4CF3-9FDF-08ABEE79832D}.Debug|Any CPU.ActiveCfg = Debug|Any CPU
		{C0535B56-2497-4CF3-9FDF-08ABEE79832D}.Debug|Any CPU.Build.0 = Debug|Any CPU
		{C0535B56-2497-4CF3-9FDF-08ABEE79832D}.Debug|Mixed Platforms.ActiveCfg = Debug|Any CPU
		{C0535B56-2497-4CF3-9FDF-08ABEE79832D}.Debug|Mixed Platforms.Build.0 = Debug|Any CPU
		{C0535B56-2497-4CF3-9FDF-08ABEE79832D}.Debug|x86.ActiveCfg = Debug|Any CPU
		{C0535B56-2497-4CF3-9FDF-08ABEE79832D}.Release|Any CPU.ActiveCfg = Release|Any CPU
		{C0535B56-2497-4CF3-9FDF-08ABEE79832D}.Release|Any CPU.Build.0 = Release|Any CPU
		{C0535B56-2497-4CF3-9FDF-08ABEE79832D}.Release|Mixed Platforms.ActiveCfg = Release|Any CPU
		{C0535B56-2497-4CF3-9FDF-08ABEE79832D}.Release|Mixed Platforms.Build.0 = Release|Any CPU
		{C0535B56-2497-4CF3-9FDF-08ABEE79832D}.Release|x86.ActiveCfg = Release|Any CPU
	EndGlobalSection
	GlobalSection(SolutionProperties) = preSolution
		HideSolutionNode = FALSE
	EndGlobalSection
EndGlobal
